// !$*UTF8*$!
{
	archiveVersion = 1;
	classes = {
	};
	objectVersion = 50;
	objects = {

/* Begin PBXBuildFile section */
		7127B4EC22A912DD008F67EE /* ViewControllerLifecycleBehavior.swift in Sources */ = {isa = PBXBuildFile; fileRef = 7127B4EB22A912DD008F67EE /* ViewControllerLifecycleBehavior.swift */; };
		7127B4EE22AA7239008F67EE /* ComponentView.xib in Resources */ = {isa = PBXBuildFile; fileRef = 7127B4ED22AA7239008F67EE /* ComponentView.xib */; };
		7127B4F022AA798A008F67EE /* ComponentView.swift in Sources */ = {isa = PBXBuildFile; fileRef = 7127B4EF22AA798A008F67EE /* ComponentView.swift */; };
		7135E3C422BA73140043028D /* FeedViewController.swift in Sources */ = {isa = PBXBuildFile; fileRef = 7135E3C322BA73130043028D /* FeedViewController.swift */; };
		7136F49B22D4DB560043AA87 /* Images.xcassets in Resources */ = {isa = PBXBuildFile; fileRef = 7136F49A22D4DB560043AA87 /* Images.xcassets */; };
		7137537922C65C1300A21E24 /* TimerCollectionViewCell.xib in Resources */ = {isa = PBXBuildFile; fileRef = 7137537822C65C1300A21E24 /* TimerCollectionViewCell.xib */; };
		7137537B22C65C6500A21E24 /* TimerCollectionViewCell.swift in Sources */ = {isa = PBXBuildFile; fileRef = 7137537A22C65C6500A21E24 /* TimerCollectionViewCell.swift */; };
		7137537D22CA34BB00A21E24 /* LaunchTimerBehavior.swift in Sources */ = {isa = PBXBuildFile; fileRef = 7137537C22CA34BB00A21E24 /* LaunchTimerBehavior.swift */; };
		7137537F22CA34D200A21E24 /* ColorChangeBehavior.swift in Sources */ = {isa = PBXBuildFile; fileRef = 7137537E22CA34D200A21E24 /* ColorChangeBehavior.swift */; };
		7137538122CA34ED00A21E24 /* NavigationbarHideBehavior.swift in Sources */ = {isa = PBXBuildFile; fileRef = 7137538022CA34ED00A21E24 /* NavigationbarHideBehavior.swift */; };
		7141808222AA98E8008ACA48 /* BenchmarkViewController.swift in Sources */ = {isa = PBXBuildFile; fileRef = 7141808122AA98E8008ACA48 /* BenchmarkViewController.swift */; };
		7141808822AA9D2D008ACA48 /* Profile.swift in Sources */ = {isa = PBXBuildFile; fileRef = 7141808722AA9D2D008ACA48 /* Profile.swift */; };
		7141808B22AA9D86008ACA48 /* Benchmark.storyboard in Resources */ = {isa = PBXBuildFile; fileRef = 7141808922AA9D86008ACA48 /* Benchmark.storyboard */; };
		7141808D22AA9DB6008ACA48 /* Profile.storyboard in Resources */ = {isa = PBXBuildFile; fileRef = 7141808C22AA9DB6008ACA48 /* Profile.storyboard */; };
		7141809022AA9DE7008ACA48 /* Feed.storyboard in Resources */ = {isa = PBXBuildFile; fileRef = 7141808E22AA9DE7008ACA48 /* Feed.storyboard */; };
		7141809422B7D5C9008ACA48 /* ThirdFeedViewController.swift in Sources */ = {isa = PBXBuildFile; fileRef = 7141809322B7D5C9008ACA48 /* ThirdFeedViewController.swift */; };
		715986E6229EA42000367C2F /* AppDelegate.swift in Sources */ = {isa = PBXBuildFile; fileRef = 715986E5229EA42000367C2F /* AppDelegate.swift */; };
		715986ED229EA42000367C2F /* Main.storyboard in Resources */ = {isa = PBXBuildFile; fileRef = 715986EB229EA42000367C2F /* Main.storyboard */; };
		715986EF229EA42100367C2F /* Assets.xcassets in Resources */ = {isa = PBXBuildFile; fileRef = 715986EE229EA42100367C2F /* Assets.xcassets */; };
		715986F2229EA42100367C2F /* LaunchScreen.storyboard in Resources */ = {isa = PBXBuildFile; fileRef = 715986F0229EA42100367C2F /* LaunchScreen.storyboard */; };
		715986FB229EAE9600367C2F /* Detail.storyboard in Resources */ = {isa = PBXBuildFile; fileRef = 715986F9229EAE9600367C2F /* Detail.storyboard */; };
		7159871D229EB5FA00367C2F /* DetailViewController.swift in Sources */ = {isa = PBXBuildFile; fileRef = 7159871C229EB5FA00367C2F /* DetailViewController.swift */; };
		7159871F229EC22F00367C2F /* ColorButton.swift in Sources */ = {isa = PBXBuildFile; fileRef = 7159871E229EC22F00367C2F /* ColorButton.swift */; };
		719135AF22CE383D00E76677 /* TimerCell.swift in Sources */ = {isa = PBXBuildFile; fileRef = 719135AE22CE383D00E76677 /* TimerCell.swift */; };
		71C18C0622E9F1B30048BAE5 /* Services.swift in Sources */ = {isa = PBXBuildFile; fileRef = 71C18C0522E9F1B30048BAE5 /* Services.swift */; };
		71C18C0822E9F21C0048BAE5 /* TimersProvider.swift in Sources */ = {isa = PBXBuildFile; fileRef = 71C18C0722E9F21C0048BAE5 /* TimersProvider.swift */; };
/* End PBXBuildFile section */

/* Begin PBXFileReference section */
		7127B4EB22A912DD008F67EE /* ViewControllerLifecycleBehavior.swift */ = {isa = PBXFileReference; fileEncoding = 4; lastKnownFileType = sourcecode.swift; path = ViewControllerLifecycleBehavior.swift; sourceTree = "<group>"; };
		7127B4ED22AA7239008F67EE /* ComponentView.xib */ = {isa = PBXFileReference; lastKnownFileType = file.xib; path = ComponentView.xib; sourceTree = "<group>"; };
		7127B4EF22AA798A008F67EE /* ComponentView.swift */ = {isa = PBXFileReference; lastKnownFileType = sourcecode.swift; path = ComponentView.swift; sourceTree = "<group>"; };
		7135E3C322BA73130043028D /* FeedViewController.swift */ = {isa = PBXFileReference; lastKnownFileType = sourcecode.swift; path = FeedViewController.swift; sourceTree = "<group>"; };
		7136F49A22D4DB560043AA87 /* Images.xcassets */ = {isa = PBXFileReference; lastKnownFileType = folder.assetcatalog; path = Images.xcassets; sourceTree = "<group>"; };
		7137537822C65C1300A21E24 /* TimerCollectionViewCell.xib */ = {isa = PBXFileReference; lastKnownFileType = file.xib; path = TimerCollectionViewCell.xib; sourceTree = "<group>"; };
		7137537A22C65C6500A21E24 /* TimerCollectionViewCell.swift */ = {isa = PBXFileReference; lastKnownFileType = sourcecode.swift; path = TimerCollectionViewCell.swift; sourceTree = "<group>"; };
		7137537C22CA34BB00A21E24 /* LaunchTimerBehavior.swift */ = {isa = PBXFileReference; lastKnownFileType = sourcecode.swift; path = LaunchTimerBehavior.swift; sourceTree = "<group>"; };
		7137537E22CA34D200A21E24 /* ColorChangeBehavior.swift */ = {isa = PBXFileReference; lastKnownFileType = sourcecode.swift; path = ColorChangeBehavior.swift; sourceTree = "<group>"; };
		7137538022CA34ED00A21E24 /* NavigationbarHideBehavior.swift */ = {isa = PBXFileReference; lastKnownFileType = sourcecode.swift; path = NavigationbarHideBehavior.swift; sourceTree = "<group>"; };
		7141808122AA98E8008ACA48 /* BenchmarkViewController.swift */ = {isa = PBXFileReference; lastKnownFileType = sourcecode.swift; path = BenchmarkViewController.swift; sourceTree = "<group>"; };
		7141808722AA9D2D008ACA48 /* Profile.swift */ = {isa = PBXFileReference; lastKnownFileType = sourcecode.swift; path = Profile.swift; sourceTree = "<group>"; };
		7141808A22AA9D86008ACA48 /* Base */ = {isa = PBXFileReference; lastKnownFileType = file.storyboard; name = Base; path = AppFrame/Base.lproj/Benchmark.storyboard; sourceTree = "<group>"; };
		7141808C22AA9DB6008ACA48 /* Profile.storyboard */ = {isa = PBXFileReference; fileEncoding = 4; lastKnownFileType = file.storyboard; path = Profile.storyboard; sourceTree = "<group>"; };
		7141808F22AA9DE7008ACA48 /* Base */ = {isa = PBXFileReference; lastKnownFileType = file.storyboard; name = Base; path = AppFrame/Base.lproj/Feed.storyboard; sourceTree = "<group>"; };
		7141809322B7D5C9008ACA48 /* ThirdFeedViewController.swift */ = {isa = PBXFileReference; lastKnownFileType = sourcecode.swift; path = ThirdFeedViewController.swift; sourceTree = "<group>"; };
		715986E2229EA42000367C2F /* AppFrame.app */ = {isa = PBXFileReference; explicitFileType = wrapper.application; includeInIndex = 0; path = AppFrame.app; sourceTree = BUILT_PRODUCTS_DIR; };
		715986E5229EA42000367C2F /* AppDelegate.swift */ = {isa = PBXFileReference; lastKnownFileType = sourcecode.swift; path = AppDelegate.swift; sourceTree = "<group>"; };
		715986EC229EA42000367C2F /* Base */ = {isa = PBXFileReference; lastKnownFileType = file.storyboard; name = Base; path = Base.lproj/Main.storyboard; sourceTree = "<group>"; };
		715986EE229EA42100367C2F /* Assets.xcassets */ = {isa = PBXFileReference; lastKnownFileType = folder.assetcatalog; path = Assets.xcassets; sourceTree = "<group>"; };
		715986F1229EA42100367C2F /* Base */ = {isa = PBXFileReference; lastKnownFileType = file.storyboard; name = Base; path = Base.lproj/LaunchScreen.storyboard; sourceTree = "<group>"; };
		715986F3229EA42100367C2F /* Info.plist */ = {isa = PBXFileReference; lastKnownFileType = text.plist.xml; path = Info.plist; sourceTree = "<group>"; };
		715986FA229EAE9600367C2F /* Base */ = {isa = PBXFileReference; lastKnownFileType = file.storyboard; name = Base; path = AppFrame/Base.lproj/Detail.storyboard; sourceTree = "<group>"; };
		7159871C229EB5FA00367C2F /* DetailViewController.swift */ = {isa = PBXFileReference; fileEncoding = 4; lastKnownFileType = sourcecode.swift; path = DetailViewController.swift; sourceTree = "<group>"; };
		7159871E229EC22F00367C2F /* ColorButton.swift */ = {isa = PBXFileReference; lastKnownFileType = sourcecode.swift; path = ColorButton.swift; sourceTree = "<group>"; };
		719135AE22CE383D00E76677 /* TimerCell.swift */ = {isa = PBXFileReference; lastKnownFileType = sourcecode.swift; path = TimerCell.swift; sourceTree = "<group>"; };
		71C18C0522E9F1B30048BAE5 /* Services.swift */ = {isa = PBXFileReference; lastKnownFileType = sourcecode.swift; path = Services.swift; sourceTree = "<group>"; };
		71C18C0722E9F21C0048BAE5 /* TimersProvider.swift */ = {isa = PBXFileReference; lastKnownFileType = sourcecode.swift; path = TimersProvider.swift; sourceTree = "<group>"; };
/* End PBXFileReference section */

/* Begin PBXFrameworksBuildPhase section */
		715986DF229EA42000367C2F /* Frameworks */ = {
			isa = PBXFrameworksBuildPhase;
			buildActionMask = 2147483647;
			files = (
			);
			runOnlyForDeploymentPostprocessing = 0;
		};
/* End PBXFrameworksBuildPhase section */

/* Begin PBXGroup section */
		7141808322AA9C83008ACA48 /* Benchmark */ = {
			isa = PBXGroup;
			children = (
				7141808922AA9D86008ACA48 /* Benchmark.storyboard */,
				7141808122AA98E8008ACA48 /* BenchmarkViewController.swift */,
				7137537822C65C1300A21E24 /* TimerCollectionViewCell.xib */,
				7137537A22C65C6500A21E24 /* TimerCollectionViewCell.swift */,
			);
			path = Benchmark;
			sourceTree = "<group>";
		};
		7141808422AA9CAB008ACA48 /* Profile */ = {
			isa = PBXGroup;
			children = (
				7141808C22AA9DB6008ACA48 /* Profile.storyboard */,
				7141808722AA9D2D008ACA48 /* Profile.swift */,
				7159871E229EC22F00367C2F /* ColorButton.swift */,
			);
			path = Profile;
			sourceTree = "<group>";
		};
		7141808522AA9CB7008ACA48 /* Feed */ = {
			isa = PBXGroup;
			children = (
				7141808E22AA9DE7008ACA48 /* Feed.storyboard */,
				7141809322B7D5C9008ACA48 /* ThirdFeedViewController.swift */,
				7135E3C322BA73130043028D /* FeedViewController.swift */,
			);
			path = Feed;
			sourceTree = "<group>";
		};
		7141808622AA9CC3008ACA48 /* Detail */ = {
			isa = PBXGroup;
			children = (
				715986F9229EAE9600367C2F /* Detail.storyboard */,
				7159871C229EB5FA00367C2F /* DetailViewController.swift */,
			);
			path = Detail;
			sourceTree = "<group>";
		};
		7141809122AA9E01008ACA48 /* CustomComponent */ = {
			isa = PBXGroup;
			children = (
				7127B4ED22AA7239008F67EE /* ComponentView.xib */,
				7127B4EF22AA798A008F67EE /* ComponentView.swift */,
			);
			path = CustomComponent;
			sourceTree = "<group>";
		};
		7141809222B7C281008ACA48 /* Behaviors */ = {
			isa = PBXGroup;
			children = (
				7127B4EB22A912DD008F67EE /* ViewControllerLifecycleBehavior.swift */,
				7137537C22CA34BB00A21E24 /* LaunchTimerBehavior.swift */,
				7137537E22CA34D200A21E24 /* ColorChangeBehavior.swift */,
				7137538022CA34ED00A21E24 /* NavigationbarHideBehavior.swift */,
			);
			path = Behaviors;
			sourceTree = "<group>";
		};
		715986D9229EA42000367C2F = {
			isa = PBXGroup;
			children = (
				715986E4229EA42000367C2F /* AppFrame */,
				715986E3229EA42000367C2F /* Products */,
			);
			sourceTree = "<group>";
		};
		715986E3229EA42000367C2F /* Products */ = {
			isa = PBXGroup;
			children = (
				715986E2229EA42000367C2F /* AppFrame.app */,
			);
			name = Products;
			sourceTree = "<group>";
		};
		715986E4229EA42000367C2F /* AppFrame */ = {
			isa = PBXGroup;
			children = (
				715986E5229EA42000367C2F /* AppDelegate.swift */,
				715986EB229EA42000367C2F /* Main.storyboard */,
				719135AD22CE37FE00E76677 /* Model */,
				717D88AC22DD97550074B229 /* Services */,
				7141808622AA9CC3008ACA48 /* Detail */,
				7141808522AA9CB7008ACA48 /* Feed */,
				7141808422AA9CAB008ACA48 /* Profile */,
				7141808322AA9C83008ACA48 /* Benchmark */,
				7141809122AA9E01008ACA48 /* CustomComponent */,
				7141809222B7C281008ACA48 /* Behaviors */,
				715986EE229EA42100367C2F /* Assets.xcassets */,
				715986F0229EA42100367C2F /* LaunchScreen.storyboard */,
				715986F3229EA42100367C2F /* Info.plist */,
				7136F49A22D4DB560043AA87 /* Images.xcassets */,
			);
			path = AppFrame;
			sourceTree = "<group>";
		};
		717D88AC22DD97550074B229 /* Services */ = {
			isa = PBXGroup;
			children = (
				71C18C0522E9F1B30048BAE5 /* Services.swift */,
				71C18C0722E9F21C0048BAE5 /* TimersProvider.swift */,
			);
			path = Services;
			sourceTree = "<group>";
		};
		719135AD22CE37FE00E76677 /* Model */ = {
			isa = PBXGroup;
			children = (
				719135AE22CE383D00E76677 /* TimerCell.swift */,
			);
			path = Model;
			sourceTree = "<group>";
		};
/* End PBXGroup section */

/* Begin PBXNativeTarget section */
		715986E1229EA42000367C2F /* AppFrame */ = {
			isa = PBXNativeTarget;
			buildConfigurationList = 715986F6229EA42100367C2F /* Build configuration list for PBXNativeTarget "AppFrame" */;
			buildPhases = (
				715986DE229EA42000367C2F /* Sources */,
				715986DF229EA42000367C2F /* Frameworks */,
				715986E0229EA42000367C2F /* Resources */,
			);
			buildRules = (
			);
			dependencies = (
			);
			name = AppFrame;
			productName = AppFrame;
			productReference = 715986E2229EA42000367C2F /* AppFrame.app */;
			productType = "com.apple.product-type.application";
		};
/* End PBXNativeTarget section */

/* Begin PBXProject section */
		715986DA229EA42000367C2F /* Project object */ = {
			isa = PBXProject;
			attributes = {
				LastSwiftUpdateCheck = 1020;
				LastUpgradeCheck = 1020;
				ORGANIZATIONNAME = "Akerke Balgabekova";
				TargetAttributes = {
					715986E1229EA42000367C2F = {
						CreatedOnToolsVersion = 10.2.1;
					};
				};
			};
			buildConfigurationList = 715986DD229EA42000367C2F /* Build configuration list for PBXProject "AppFrame" */;
			compatibilityVersion = "Xcode 9.3";
			developmentRegion = en;
			hasScannedForEncodings = 0;
			knownRegions = (
				en,
				Base,
			);
			mainGroup = 715986D9229EA42000367C2F;
			productRefGroup = 715986E3229EA42000367C2F /* Products */;
			projectDirPath = "";
			projectRoot = "";
			targets = (
				715986E1229EA42000367C2F /* AppFrame */,
			);
		};
/* End PBXProject section */

/* Begin PBXResourcesBuildPhase section */
		715986E0229EA42000367C2F /* Resources */ = {
			isa = PBXResourcesBuildPhase;
			buildActionMask = 2147483647;
			files = (
				715986F2229EA42100367C2F /* LaunchScreen.storyboard in Resources */,
				7136F49B22D4DB560043AA87 /* Images.xcassets in Resources */,
				715986EF229EA42100367C2F /* Assets.xcassets in Resources */,
				7141809022AA9DE7008ACA48 /* Feed.storyboard in Resources */,
				715986ED229EA42000367C2F /* Main.storyboard in Resources */,
				715986FB229EAE9600367C2F /* Detail.storyboard in Resources */,
				7141808B22AA9D86008ACA48 /* Benchmark.storyboard in Resources */,
				7141808D22AA9DB6008ACA48 /* Profile.storyboard in Resources */,
				7137537922C65C1300A21E24 /* TimerCollectionViewCell.xib in Resources */,
				7127B4EE22AA7239008F67EE /* ComponentView.xib in Resources */,
			);
			runOnlyForDeploymentPostprocessing = 0;
		};
/* End PBXResourcesBuildPhase section */

/* Begin PBXSourcesBuildPhase section */
		715986DE229EA42000367C2F /* Sources */ = {
			isa = PBXSourcesBuildPhase;
			buildActionMask = 2147483647;
			files = (
				7137537B22C65C6500A21E24 /* TimerCollectionViewCell.swift in Sources */,
				7137537D22CA34BB00A21E24 /* LaunchTimerBehavior.swift in Sources */,
				7137538122CA34ED00A21E24 /* NavigationbarHideBehavior.swift in Sources */,
				7159871F229EC22F00367C2F /* ColorButton.swift in Sources */,
				7135E3C422BA73140043028D /* FeedViewController.swift in Sources */,
				7127B4F022AA798A008F67EE /* ComponentView.swift in Sources */,
				7137537F22CA34D200A21E24 /* ColorChangeBehavior.swift in Sources */,
				715986E6229EA42000367C2F /* AppDelegate.swift in Sources */,
				7141808822AA9D2D008ACA48 /* Profile.swift in Sources */,
				719135AF22CE383D00E76677 /* TimerCell.swift in Sources */,
				71C18C0622E9F1B30048BAE5 /* Services.swift in Sources */,
				7159871D229EB5FA00367C2F /* DetailViewController.swift in Sources */,
				7141808222AA98E8008ACA48 /* BenchmarkViewController.swift in Sources */,
				7141809422B7D5C9008ACA48 /* ThirdFeedViewController.swift in Sources */,
				71C18C0822E9F21C0048BAE5 /* TimersProvider.swift in Sources */,
				7127B4EC22A912DD008F67EE /* ViewControllerLifecycleBehavior.swift in Sources */,
			);
			runOnlyForDeploymentPostprocessing = 0;
		};
/* End PBXSourcesBuildPhase section */

/* Begin PBXVariantGroup section */
		7141808922AA9D86008ACA48 /* Benchmark.storyboard */ = {
			isa = PBXVariantGroup;
			children = (
				7141808A22AA9D86008ACA48 /* Base */,
			);
			name = Benchmark.storyboard;
			sourceTree = "<group>";
		};
		7141808E22AA9DE7008ACA48 /* Feed.storyboard */ = {
			isa = PBXVariantGroup;
			children = (
				7141808F22AA9DE7008ACA48 /* Base */,
			);
			name = Feed.storyboard;
			sourceTree = "<group>";
		};
		715986EB229EA42000367C2F /* Main.storyboard */ = {
			isa = PBXVariantGroup;
			children = (
				715986EC229EA42000367C2F /* Base */,
			);
			name = Main.storyboard;
			sourceTree = "<group>";
		};
		715986F0229EA42100367C2F /* LaunchScreen.storyboard */ = {
			isa = PBXVariantGroup;
			children = (
				715986F1229EA42100367C2F /* Base */,
			);
			name = LaunchScreen.storyboard;
			sourceTree = "<group>";
		};
		715986F9229EAE9600367C2F /* Detail.storyboard */ = {
			isa = PBXVariantGroup;
			children = (
				715986FA229EAE9600367C2F /* Base */,
			);
			name = Detail.storyboard;
			sourceTree = "<group>";
		};
/* End PBXVariantGroup section */

/* Begin XCBuildConfiguration section */
		715986F4229EA42100367C2F /* Debug */ = {
			isa = XCBuildConfiguration;
			buildSettings = {
				ALWAYS_SEARCH_USER_PATHS = NO;
				CLANG_ANALYZER_NONNULL = YES;
				CLANG_ANALYZER_NUMBER_OBJECT_CONVERSION = YES_AGGRESSIVE;
				CLANG_CXX_LANGUAGE_STANDARD = "gnu++14";
				CLANG_CXX_LIBRARY = "libc++";
				CLANG_ENABLE_MODULES = YES;
				CLANG_ENABLE_OBJC_ARC = YES;
				CLANG_ENABLE_OBJC_WEAK = YES;
				CLANG_WARN_BLOCK_CAPTURE_AUTORELEASING = YES;
				CLANG_WARN_BOOL_CONVERSION = YES;
				CLANG_WARN_COMMA = YES;
				CLANG_WARN_CONSTANT_CONVERSION = YES;
				CLANG_WARN_DEPRECATED_OBJC_IMPLEMENTATIONS = YES;
				CLANG_WARN_DIRECT_OBJC_ISA_USAGE = YES_ERROR;
				CLANG_WARN_DOCUMENTATION_COMMENTS = YES;
				CLANG_WARN_EMPTY_BODY = YES;
				CLANG_WARN_ENUM_CONVERSION = YES;
				CLANG_WARN_INFINITE_RECURSION = YES;
				CLANG_WARN_INT_CONVERSION = YES;
				CLANG_WARN_NON_LITERAL_NULL_CONVERSION = YES;
				CLANG_WARN_OBJC_IMPLICIT_RETAIN_SELF = YES;
				CLANG_WARN_OBJC_LITERAL_CONVERSION = YES;
				CLANG_WARN_OBJC_ROOT_CLASS = YES_ERROR;
				CLANG_WARN_RANGE_LOOP_ANALYSIS = YES;
				CLANG_WARN_STRICT_PROTOTYPES = YES;
				CLANG_WARN_SUSPICIOUS_MOVE = YES;
				CLANG_WARN_UNGUARDED_AVAILABILITY = YES_AGGRESSIVE;
				CLANG_WARN_UNREACHABLE_CODE = YES;
				CLANG_WARN__DUPLICATE_METHOD_MATCH = YES;
				CODE_SIGN_IDENTITY = "iPhone Developer";
				COPY_PHASE_STRIP = NO;
				DEBUG_INFORMATION_FORMAT = dwarf;
				ENABLE_STRICT_OBJC_MSGSEND = YES;
				ENABLE_TESTABILITY = YES;
				GCC_C_LANGUAGE_STANDARD = gnu11;
				GCC_DYNAMIC_NO_PIC = NO;
				GCC_NO_COMMON_BLOCKS = YES;
				GCC_OPTIMIZATION_LEVEL = 0;
				GCC_PREPROCESSOR_DEFINITIONS = (
					"DEBUG=1",
					"$(inherited)",
				);
				GCC_WARN_64_TO_32_BIT_CONVERSION = YES;
				GCC_WARN_ABOUT_RETURN_TYPE = YES_ERROR;
				GCC_WARN_UNDECLARED_SELECTOR = YES;
				GCC_WARN_UNINITIALIZED_AUTOS = YES_AGGRESSIVE;
				GCC_WARN_UNUSED_FUNCTION = YES;
				GCC_WARN_UNUSED_VARIABLE = YES;
				IPHONEOS_DEPLOYMENT_TARGET = 12.2;
				MTL_ENABLE_DEBUG_INFO = INCLUDE_SOURCE;
				MTL_FAST_MATH = YES;
				ONLY_ACTIVE_ARCH = YES;
				SDKROOT = iphoneos;
				SWIFT_ACTIVE_COMPILATION_CONDITIONS = DEBUG;
				SWIFT_OPTIMIZATION_LEVEL = "-Onone";
			};
			name = Debug;
		};
		715986F5229EA42100367C2F /* Release */ = {
			isa = XCBuildConfiguration;
			buildSettings = {
				ALWAYS_SEARCH_USER_PATHS = NO;
				CLANG_ANALYZER_NONNULL = YES;
				CLANG_ANALYZER_NUMBER_OBJECT_CONVERSION = YES_AGGRESSIVE;
				CLANG_CXX_LANGUAGE_STANDARD = "gnu++14";
				CLANG_CXX_LIBRARY = "libc++";
				CLANG_ENABLE_MODULES = YES;
				CLANG_ENABLE_OBJC_ARC = YES;
				CLANG_ENABLE_OBJC_WEAK = YES;
				CLANG_WARN_BLOCK_CAPTURE_AUTORELEASING = YES;
				CLANG_WARN_BOOL_CONVERSION = YES;
				CLANG_WARN_COMMA = YES;
				CLANG_WARN_CONSTANT_CONVERSION = YES;
				CLANG_WARN_DEPRECATED_OBJC_IMPLEMENTATIONS = YES;
				CLANG_WARN_DIRECT_OBJC_ISA_USAGE = YES_ERROR;
				CLANG_WARN_DOCUMENTATION_COMMENTS = YES;
				CLANG_WARN_EMPTY_BODY = YES;
				CLANG_WARN_ENUM_CONVERSION = YES;
				CLANG_WARN_INFINITE_RECURSION = YES;
				CLANG_WARN_INT_CONVERSION = YES;
				CLANG_WARN_NON_LITERAL_NULL_CONVERSION = YES;
				CLANG_WARN_OBJC_IMPLICIT_RETAIN_SELF = YES;
				CLANG_WARN_OBJC_LITERAL_CONVERSION = YES;
				CLANG_WARN_OBJC_ROOT_CLASS = YES_ERROR;
				CLANG_WARN_RANGE_LOOP_ANALYSIS = YES;
				CLANG_WARN_STRICT_PROTOTYPES = YES;
				CLANG_WARN_SUSPICIOUS_MOVE = YES;
				CLANG_WARN_UNGUARDED_AVAILABILITY = YES_AGGRESSIVE;
				CLANG_WARN_UNREACHABLE_CODE = YES;
				CLANG_WARN__DUPLICATE_METHOD_MATCH = YES;
				CODE_SIGN_IDENTITY = "iPhone Developer";
				COPY_PHASE_STRIP = NO;
				DEBUG_INFORMATION_FORMAT = "dwarf-with-dsym";
				ENABLE_NS_ASSERTIONS = NO;
				ENABLE_STRICT_OBJC_MSGSEND = YES;
				GCC_C_LANGUAGE_STANDARD = gnu11;
				GCC_NO_COMMON_BLOCKS = YES;
				GCC_WARN_64_TO_32_BIT_CONVERSION = YES;
				GCC_WARN_ABOUT_RETURN_TYPE = YES_ERROR;
				GCC_WARN_UNDECLARED_SELECTOR = YES;
				GCC_WARN_UNINITIALIZED_AUTOS = YES_AGGRESSIVE;
				GCC_WARN_UNUSED_FUNCTION = YES;
				GCC_WARN_UNUSED_VARIABLE = YES;
				IPHONEOS_DEPLOYMENT_TARGET = 12.2;
				MTL_ENABLE_DEBUG_INFO = NO;
				MTL_FAST_MATH = YES;
				SDKROOT = iphoneos;
				SWIFT_COMPILATION_MODE = wholemodule;
				SWIFT_OPTIMIZATION_LEVEL = "-O";
				VALIDATE_PRODUCT = YES;
			};
			name = Release;
		};
		715986F7229EA42100367C2F /* Debug */ = {
			isa = XCBuildConfiguration;
			buildSettings = {
				ASSETCATALOG_COMPILER_APPICON_NAME = AppIcon;
				CODE_SIGN_STYLE = Automatic;
				DEVELOPMENT_TEAM = 262N5XHMEJ;
				INFOPLIST_FILE = AppFrame/Info.plist;
				LD_RUNPATH_SEARCH_PATHS = (
					"$(inherited)",
					"@executable_path/Frameworks",
				);
				PRODUCT_BUNDLE_IDENTIFIER = com.akerkebalgabekova.AppFrame;
				PRODUCT_NAME = "$(TARGET_NAME)";
				SWIFT_VERSION = 5.0;
				TARGETED_DEVICE_FAMILY = "1,2";
			};
			name = Debug;
		};
		715986F8229EA42100367C2F /* Release */ = {
			isa = XCBuildConfiguration;
			buildSettings = {
				ASSETCATALOG_COMPILER_APPICON_NAME = AppIcon;
				CODE_SIGN_STYLE = Automatic;
				DEVELOPMENT_TEAM = 262N5XHMEJ;
				INFOPLIST_FILE = AppFrame/Info.plist;
				LD_RUNPATH_SEARCH_PATHS = (
					"$(inherited)",
					"@executable_path/Frameworks",
				);
				PRODUCT_BUNDLE_IDENTIFIER = com.akerkebalgabekova.AppFrame;
				PRODUCT_NAME = "$(TARGET_NAME)";
				SWIFT_VERSION = 5.0;
				TARGETED_DEVICE_FAMILY = "1,2";
			};
			name = Release;
		};
/* End XCBuildConfiguration section */

/* Begin XCConfigurationList section */
		715986DD229EA42000367C2F /* Build configuration list for PBXProject "AppFrame" */ = {
			isa = XCConfigurationList;
			buildConfigurations = (
				715986F4229EA42100367C2F /* Debug */,
				715986F5229EA42100367C2F /* Release */,
			);
			defaultConfigurationIsVisible = 0;
			defaultConfigurationName = Release;
		};
		715986F6229EA42100367C2F /* Build configuration list for PBXNativeTarget "AppFrame" */ = {
			isa = XCConfigurationList;
			buildConfigurations = (
				715986F7229EA42100367C2F /* Debug */,
				715986F8229EA42100367C2F /* Release */,
			);
			defaultConfigurationIsVisible = 0;
			defaultConfigurationName = Release;
		};
/* End XCConfigurationList section */
	};
	rootObject = 715986DA229EA42000367C2F /* Project object */;
}
